
Microsoft Visual Studio Solution File, Format Version 12.00
# Visual Studio 15
VisualStudioVersion = 15.0.26124.0
MinimumVisualStudioVersion = 15.0.26124.0
Project("{FAE04EC0-301F-11D3-BF4B-00C04F79EFBC}") = "R5T.Mullingar.Base.Construction", "R5T.Mullingar.Base.Construction\R5T.Mullingar.Base.Construction.csproj", "{E4C145CE-D77D-4DEF-984C-CEA4712652B5}"
EndProject
Project("{FAE04EC0-301F-11D3-BF4B-00C04F79EFBC}") = "R5T.Mullingar.Base", "R5T.Mullingar.Base\R5T.Mullingar.Base.csproj", "{57DDA3AF-7094-4E0C-BBAB-DE840BBB0C23}"
EndProject
Project("{2150E333-8FDC-42A3-9474-1A3956D46DE8}") = "_Dependencies", "_Dependencies", "{223879D0-DDD0-402C-BE63-E2ED25E0394F}"
EndProject
Project("{FAE04EC0-301F-11D3-BF4B-00C04F79EFBC}") = "R5T.T0064", "..\..\R5T.T0064\source\R5T.T0064\R5T.T0064.csproj", "{26FAB830-60C8-405B-8F12-9FBA58310F75}"
EndProject
Global
	GlobalSection(SolutionConfigurationPlatforms) = preSolution
		Debug|Any CPU = Debug|Any CPU
		Debug|x64 = Debug|x64
		Debug|x86 = Debug|x86
		Release|Any CPU = Release|Any CPU
		Release|x64 = Release|x64
		Release|x86 = Release|x86
	EndGlobalSection
	GlobalSection(SolutionProperties) = preSolution
		HideSolutionNode = FALSE
	EndGlobalSection
	GlobalSection(ProjectConfigurationPlatforms) = postSolution
		{E4C145CE-D77D-4DEF-984C-CEA4712652B5}.Debug|Any CPU.ActiveCfg = Debug|Any CPU
		{E4C145CE-D77D-4DEF-984C-CEA4712652B5}.Debug|Any CPU.Build.0 = Debug|Any CPU
		{E4C145CE-D77D-4DEF-984C-CEA4712652B5}.Debug|x64.ActiveCfg = Debug|Any CPU
		{E4C145CE-D77D-4DEF-984C-CEA4712652B5}.Debug|x64.Build.0 = Debug|Any CPU
		{E4C145CE-D77D-4DEF-984C-CEA4712652B5}.Debug|x86.ActiveCfg = Debug|Any CPU
		{E4C145CE-D77D-4DEF-984C-CEA4712652B5}.Debug|x86.Build.0 = Debug|Any CPU
		{E4C145CE-D77D-4DEF-984C-CEA4712652B5}.Release|Any CPU.ActiveCfg = Release|Any CPU
		{E4C145CE-D77D-4DEF-984C-CEA4712652B5}.Release|Any CPU.Build.0 = Release|Any CPU
		{E4C145CE-D77D-4DEF-984C-CEA4712652B5}.Release|x64.ActiveCfg = Release|Any CPU
		{E4C145CE-D77D-4DEF-984C-CEA4712652B5}.Release|x64.Build.0 = Release|Any CPU
		{E4C145CE-D77D-4DEF-984C-CEA4712652B5}.Release|x86.ActiveCfg = Release|Any CPU
		{E4C145CE-D77D-4DEF-984C-CEA4712652B5}.Release|x86.Build.0 = Release|Any CPU
		{57DDA3AF-7094-4E0C-BBAB-DE840BBB0C23}.Debug|Any CPU.ActiveCfg = Debug|Any CPU
		{57DDA3AF-7094-4E0C-BBAB-DE840BBB0C23}.Debug|Any CPU.Build.0 = Debug|Any CPU
		{57DDA3AF-7094-4E0C-BBAB-DE840BBB0C23}.Debug|x64.ActiveCfg = Debug|Any CPU
		{57DDA3AF-7094-4E0C-BBAB-DE840BBB0C23}.Debug|x64.Build.0 = Debug|Any CPU
		{57DDA3AF-7094-4E0C-BBAB-DE840BBB0C23}.Debug|x86.ActiveCfg = Debug|Any CPU
		{57DDA3AF-7094-4E0C-BBAB-DE840BBB0C23}.Debug|x86.Build.0 = Debug|Any CPU
		{57DDA3AF-7094-4E0C-BBAB-DE840BBB0C23}.Release|Any CPU.ActiveCfg = Release|Any CPU
		{57DDA3AF-7094-4E0C-BBAB-DE840BBB0C23}.Release|Any CPU.Build.0 = Release|Any CPU
		{57DDA3AF-7094-4E0C-BBAB-DE840BBB0C23}.Release|x64.ActiveCfg = Release|Any CPU
		{57DDA3AF-7094-4E0C-BBAB-DE840BBB0C23}.Release|x64.Build.0 = Release|Any CPU
		{57DDA3AF-7094-4E0C-BBAB-DE840BBB0C23}.Release|x86.ActiveCfg = Release|Any CPU
		{57DDA3AF-7094-4E0C-BBAB-DE840BBB0C23}.Release|x86.Build.0 = Release|Any CPU
		{26FAB830-60C8-405B-8F12-9FBA58310F75}.Debug|Any CPU.ActiveCfg = Debug|Any CPU
		{26FAB830-60C8-405B-8F12-9FBA58310F75}.Debug|Any CPU.Build.0 = Debug|Any CPU
		{26FAB830-60C8-405B-8F12-9FBA58310F75}.Debug|x64.ActiveCfg = Debug|Any CPU
		{26FAB830-60C8-405B-8F12-9FBA58310F75}.Debug|x64.Build.0 = Debug|Any CPU
		{26FAB830-60C8-405B-8F12-9FBA58310F75}.Debug|x86.ActiveCfg = Debug|Any CPU
		{26FAB830-60C8-405B-8F12-9FBA58310F75}.Debug|x86.Build.0 = Debug|Any CPU
		{26FAB830-60C8-405B-8F12-9FBA58310F75}.Release|Any CPU.ActiveCfg = Release|Any CPU
		{26FAB830-60C8-405B-8F12-9FBA58310F75}.Release|Any CPU.Build.0 = Release|Any CPU
		{26FAB830-60C8-405B-8F12-9FBA58310F75}.Release|x64.ActiveCfg = Release|Any CPU
		{26FAB830-60C8-405B-8F12-9FBA58310F75}.Release|x64.Build.0 = Release|Any CPU
		{26FAB830-60C8-405B-8F12-9FBA58310F75}.Release|x86.ActiveCfg = Release|Any CPU
		{26FAB830-60C8-405B-8F12-9FBA58310F75}.Release|x86.Build.0 = Release|Any CPU
	EndGlobalSection
	GlobalSection(NestedProjects) = preSolution
		{26FAB830-60C8-405B-8F12-9FBA58310F75} = {223879D0-DDD0-402C-BE63-E2ED25E0394F}
	EndGlobalSection
EndGlobal
